
Microsoft Visual Studio Solution File, Format Version 12.00
# Visual Studio Version 17
VisualStudioVersion = 17.5.33516.290
MinimumVisualStudioVersion = 10.0.40219.1
Project("{FAE04EC0-301F-11D3-BF4B-00C04F79EFBC}") = "Project.Core", "Project.Core\Project.Core.csproj", "{40F62891-8040-411D-9103-C678F3D7F889}"
EndProject
Global
	GlobalSection(SolutionConfigurationPlatforms) = preSolution
		Debug|Any CPU = Debug|Any CPU
		Release|Any CPU = Release|Any CPU
	EndGlobalSection
	GlobalSection(ProjectConfigurationPlatforms) = postSolution
		{40F62891-8040-411D-9103-C678F3D7F889}.Debug|Any CPU.ActiveCfg = Debug|Any CPU
		{40F62891-8040-411D-9103-C678F3D7F889}.Debug|Any CPU.Build.0 = Debug|Any CPU
		{40F62891-8040-411D-9103-C678F3D7F889}.Release|Any CPU.ActiveCfg = Release|Any CPU
		{40F62891-8040-411D-9103-C678F3D7F889}.Release|Any CPU.Build.0 = Release|Any CPU
	EndGlobalSection
	GlobalSection(SolutionProperties) = preSolution
		HideSolutionNode = FALSE
	EndGlobalSection
	GlobalSection(ExtensibilityGlobals) = postSolution
		SolutionGuid = {A0856D37-7C04-451B-8904-C8431872B142}
	EndGlobalSection
EndGlobal
